
Microsoft Visual Studio Solution File, Format Version 12.00
# Visual Studio Version 17
VisualStudioVersion = 17.8.34330.188
MinimumVisualStudioVersion = 10.0.40219.1
Project("{FAE04EC0-301F-11D3-BF4B-00C04F79EFBC}") = "1 Singleton", "1 Singleton\1 Singleton.csproj", "{0B87F8A5-3D59-429D-9811-784873BE8176}"
EndProject
Global
	GlobalSection(SolutionConfigurationPlatforms) = preSolution
		Debug|Any CPU = Debug|Any CPU
		Release|Any CPU = Release|Any CPU
	EndGlobalSection
	GlobalSection(ProjectConfigurationPlatforms) = postSolution
		{0B87F8A5-3D59-429D-9811-784873BE8176}.Debug|Any CPU.ActiveCfg = Debug|Any CPU
		{0B87F8A5-3D59-429D-9811-784873BE8176}.Debug|Any CPU.Build.0 = Debug|Any CPU
		{0B87F8A5-3D59-429D-9811-784873BE8176}.Release|Any CPU.ActiveCfg = Release|Any CPU
		{0B87F8A5-3D59-429D-9811-784873BE8176}.Release|Any CPU.Build.0 = Release|Any CPU
	EndGlobalSection
	GlobalSection(SolutionProperties) = preSolution
		HideSolutionNode = FALSE
	EndGlobalSection
	GlobalSection(ExtensibilityGlobals) = postSolution
		SolutionGuid = {573B6562-79D6-42FC-AC7A-246E7C5BFD35}
	EndGlobalSection
EndGlobal
