
Microsoft Visual Studio Solution File, Format Version 12.00
# Visual Studio Version 17
VisualStudioVersion = 17.8.34330.188
MinimumVisualStudioVersion = 10.0.40219.1
Project("{FAE04EC0-301F-11D3-BF4B-00C04F79EFBC}") = "8 Mediator", "8 Mediator\8 Mediator.csproj", "{A8C9D892-5BD4-439E-899F-D399B6CD79F4}"
EndProject
Global
	GlobalSection(SolutionConfigurationPlatforms) = preSolution
		Debug|Any CPU = Debug|Any CPU
		Release|Any CPU = Release|Any CPU
	EndGlobalSection
	GlobalSection(ProjectConfigurationPlatforms) = postSolution
		{A8C9D892-5BD4-439E-899F-D399B6CD79F4}.Debug|Any CPU.ActiveCfg = Debug|Any CPU
		{A8C9D892-5BD4-439E-899F-D399B6CD79F4}.Debug|Any CPU.Build.0 = Debug|Any CPU
		{A8C9D892-5BD4-439E-899F-D399B6CD79F4}.Release|Any CPU.ActiveCfg = Release|Any CPU
		{A8C9D892-5BD4-439E-899F-D399B6CD79F4}.Release|Any CPU.Build.0 = Release|Any CPU
	EndGlobalSection
	GlobalSection(SolutionProperties) = preSolution
		HideSolutionNode = FALSE
	EndGlobalSection
	GlobalSection(ExtensibilityGlobals) = postSolution
		SolutionGuid = {2D02368C-009A-473D-9DA4-AB4C27E5F10D}
	EndGlobalSection
EndGlobal
