
Microsoft Visual Studio Solution File, Format Version 12.00
# Visual Studio Version 17
VisualStudioVersion = 17.8.34330.188
MinimumVisualStudioVersion = 10.0.40219.1
Project("{FAE04EC0-301F-11D3-BF4B-00C04F79EFBC}") = "3 Builderr", "3 Builderr\3 Builderr.csproj", "{AA2C2338-0C98-4653-800A-3B5BE0409346}"
EndProject
Global
	GlobalSection(SolutionConfigurationPlatforms) = preSolution
		Debug|Any CPU = Debug|Any CPU
		Release|Any CPU = Release|Any CPU
	EndGlobalSection
	GlobalSection(ProjectConfigurationPlatforms) = postSolution
		{AA2C2338-0C98-4653-800A-3B5BE0409346}.Debug|Any CPU.ActiveCfg = Debug|Any CPU
		{AA2C2338-0C98-4653-800A-3B5BE0409346}.Debug|Any CPU.Build.0 = Debug|Any CPU
		{AA2C2338-0C98-4653-800A-3B5BE0409346}.Release|Any CPU.ActiveCfg = Release|Any CPU
		{AA2C2338-0C98-4653-800A-3B5BE0409346}.Release|Any CPU.Build.0 = Release|Any CPU
	EndGlobalSection
	GlobalSection(SolutionProperties) = preSolution
		HideSolutionNode = FALSE
	EndGlobalSection
	GlobalSection(ExtensibilityGlobals) = postSolution
		SolutionGuid = {8BEE4A68-32FC-446C-9B2D-AA4F96374B9F}
	EndGlobalSection
EndGlobal
