
Microsoft Visual Studio Solution File, Format Version 12.00
# Visual Studio Version 17
VisualStudioVersion = 17.8.34330.188
MinimumVisualStudioVersion = 10.0.40219.1
Project("{FAE04EC0-301F-11D3-BF4B-00C04F79EFBC}") = "4 Decorator", "4 Decorator\4 Decorator.csproj", "{0270416F-66B7-4B78-B4D8-BB4291528D66}"
EndProject
Global
	GlobalSection(SolutionConfigurationPlatforms) = preSolution
		Debug|Any CPU = Debug|Any CPU
		Release|Any CPU = Release|Any CPU
	EndGlobalSection
	GlobalSection(ProjectConfigurationPlatforms) = postSolution
		{0270416F-66B7-4B78-B4D8-BB4291528D66}.Debug|Any CPU.ActiveCfg = Debug|Any CPU
		{0270416F-66B7-4B78-B4D8-BB4291528D66}.Debug|Any CPU.Build.0 = Debug|Any CPU
		{0270416F-66B7-4B78-B4D8-BB4291528D66}.Release|Any CPU.ActiveCfg = Release|Any CPU
		{0270416F-66B7-4B78-B4D8-BB4291528D66}.Release|Any CPU.Build.0 = Release|Any CPU
	EndGlobalSection
	GlobalSection(SolutionProperties) = preSolution
		HideSolutionNode = FALSE
	EndGlobalSection
	GlobalSection(ExtensibilityGlobals) = postSolution
		SolutionGuid = {848C38FB-D969-4B97-830C-730662E3FB36}
	EndGlobalSection
EndGlobal
