
Microsoft Visual Studio Solution File, Format Version 12.00
# Visual Studio Version 17
VisualStudioVersion = 17.8.34330.188
MinimumVisualStudioVersion = 10.0.40219.1
Project("{FAE04EC0-301F-11D3-BF4B-00C04F79EFBC}") = "4 Proxy", "4 Proxy\4 Proxy.csproj", "{C5527BF7-C524-45A7-868C-7C808509F08F}"
EndProject
Global
	GlobalSection(SolutionConfigurationPlatforms) = preSolution
		Debug|Any CPU = Debug|Any CPU
		Release|Any CPU = Release|Any CPU
	EndGlobalSection
	GlobalSection(ProjectConfigurationPlatforms) = postSolution
		{C5527BF7-C524-45A7-868C-7C808509F08F}.Debug|Any CPU.ActiveCfg = Debug|Any CPU
		{C5527BF7-C524-45A7-868C-7C808509F08F}.Debug|Any CPU.Build.0 = Debug|Any CPU
		{C5527BF7-C524-45A7-868C-7C808509F08F}.Release|Any CPU.ActiveCfg = Release|Any CPU
		{C5527BF7-C524-45A7-868C-7C808509F08F}.Release|Any CPU.Build.0 = Release|Any CPU
	EndGlobalSection
	GlobalSection(SolutionProperties) = preSolution
		HideSolutionNode = FALSE
	EndGlobalSection
	GlobalSection(ExtensibilityGlobals) = postSolution
		SolutionGuid = {D18B48F5-4FF2-4B51-9BD1-B624D22E1C24}
	EndGlobalSection
EndGlobal
