
Microsoft Visual Studio Solution File, Format Version 12.00
# Visual Studio Version 17
VisualStudioVersion = 17.8.34330.188
MinimumVisualStudioVersion = 10.0.40219.1
Project("{FAE04EC0-301F-11D3-BF4B-00C04F79EFBC}") = "8 Command", "8 Command\8 Command.csproj", "{2EC2DF39-7DF6-441C-9945-D6D02462BF38}"
EndProject
Global
	GlobalSection(SolutionConfigurationPlatforms) = preSolution
		Debug|Any CPU = Debug|Any CPU
		Release|Any CPU = Release|Any CPU
	EndGlobalSection
	GlobalSection(ProjectConfigurationPlatforms) = postSolution
		{2EC2DF39-7DF6-441C-9945-D6D02462BF38}.Debug|Any CPU.ActiveCfg = Debug|Any CPU
		{2EC2DF39-7DF6-441C-9945-D6D02462BF38}.Debug|Any CPU.Build.0 = Debug|Any CPU
		{2EC2DF39-7DF6-441C-9945-D6D02462BF38}.Release|Any CPU.ActiveCfg = Release|Any CPU
		{2EC2DF39-7DF6-441C-9945-D6D02462BF38}.Release|Any CPU.Build.0 = Release|Any CPU
	EndGlobalSection
	GlobalSection(SolutionProperties) = preSolution
		HideSolutionNode = FALSE
	EndGlobalSection
	GlobalSection(ExtensibilityGlobals) = postSolution
		SolutionGuid = {48A6F450-7A00-4034-8ADF-C0E3A8DDD8A3}
	EndGlobalSection
EndGlobal
